
Microsoft Visual Studio Solution File, Format Version 12.00
# Visual Studio Version 17
VisualStudioVersion = 17.0.32112.339
MinimumVisualStudioVersion = 10.0.40219.1
Project("{9A19103F-16F7-4668-BE54-9A1E7A4F7556}") = "Frwk.Bootcamp.QuickWait.Remedies.Api", "src\Frwk.Bootcamp.QuickWait.Remedy.Api\Frwk.Bootcamp.QuickWait.Remedies.Api.csproj", "{3ADEB36A-3E24-4B61-AE1C-0AF77800E650}"
EndProject
Project("{2150E333-8FDC-42A3-9474-1A3956D46DE8}") = "src", "src", "{9D06549B-D924-482F-B1E9-3185626D6DCF}"
EndProject
Project("{9A19103F-16F7-4668-BE54-9A1E7A4F7556}") = "Frwk.BootCamp.QuickWait.Remedies.Application", "src\FrwkBootCampQuickWait.Remedies.Application\Frwk.BootCamp.QuickWait.Remedies.Application.csproj", "{322A934B-A84E-4DD5-ADFF-332CE539DAB1}"
EndProject
Project("{9A19103F-16F7-4668-BE54-9A1E7A4F7556}") = "Frwk.BootCamp.QuickWait.Remedies.Domain", "src\FrwkBootCampQuickWait.Remedies.Domain\Frwk.BootCamp.QuickWait.Remedies.Domain.csproj", "{FB024F1B-8DB9-41E3-819F-49A35334A3F4}"
EndProject
Project("{9A19103F-16F7-4668-BE54-9A1E7A4F7556}") = "Frwk.BootCamp.QuickWait.Remedies.Infrastructure", "src\FrwkBootCampQuickWait.Remedies.Infrastructure\Frwk.BootCamp.QuickWait.Remedies.Infrastructure.csproj", "{E6FF5BCE-9BFF-49E2-8232-FE0FA5FF7473}"
EndProject
Global
	GlobalSection(SolutionConfigurationPlatforms) = preSolution
		Debug|Any CPU = Debug|Any CPU
		Release|Any CPU = Release|Any CPU
	EndGlobalSection
	GlobalSection(ProjectConfigurationPlatforms) = postSolution
		{3ADEB36A-3E24-4B61-AE1C-0AF77800E650}.Debug|Any CPU.ActiveCfg = Debug|Any CPU
		{3ADEB36A-3E24-4B61-AE1C-0AF77800E650}.Debug|Any CPU.Build.0 = Debug|Any CPU
		{3ADEB36A-3E24-4B61-AE1C-0AF77800E650}.Release|Any CPU.ActiveCfg = Release|Any CPU
		{3ADEB36A-3E24-4B61-AE1C-0AF77800E650}.Release|Any CPU.Build.0 = Release|Any CPU
		{322A934B-A84E-4DD5-ADFF-332CE539DAB1}.Debug|Any CPU.ActiveCfg = Debug|Any CPU
		{322A934B-A84E-4DD5-ADFF-332CE539DAB1}.Debug|Any CPU.Build.0 = Debug|Any CPU
		{322A934B-A84E-4DD5-ADFF-332CE539DAB1}.Release|Any CPU.ActiveCfg = Release|Any CPU
		{322A934B-A84E-4DD5-ADFF-332CE539DAB1}.Release|Any CPU.Build.0 = Release|Any CPU
		{FB024F1B-8DB9-41E3-819F-49A35334A3F4}.Debug|Any CPU.ActiveCfg = Debug|Any CPU
		{FB024F1B-8DB9-41E3-819F-49A35334A3F4}.Debug|Any CPU.Build.0 = Debug|Any CPU
		{FB024F1B-8DB9-41E3-819F-49A35334A3F4}.Release|Any CPU.ActiveCfg = Release|Any CPU
		{FB024F1B-8DB9-41E3-819F-49A35334A3F4}.Release|Any CPU.Build.0 = Release|Any CPU
		{E6FF5BCE-9BFF-49E2-8232-FE0FA5FF7473}.Debug|Any CPU.ActiveCfg = Debug|Any CPU
		{E6FF5BCE-9BFF-49E2-8232-FE0FA5FF7473}.Debug|Any CPU.Build.0 = Debug|Any CPU
		{E6FF5BCE-9BFF-49E2-8232-FE0FA5FF7473}.Release|Any CPU.ActiveCfg = Release|Any CPU
		{E6FF5BCE-9BFF-49E2-8232-FE0FA5FF7473}.Release|Any CPU.Build.0 = Release|Any CPU
	EndGlobalSection
	GlobalSection(SolutionProperties) = preSolution
		HideSolutionNode = FALSE
	EndGlobalSection
	GlobalSection(NestedProjects) = preSolution
		{3ADEB36A-3E24-4B61-AE1C-0AF77800E650} = {9D06549B-D924-482F-B1E9-3185626D6DCF}
		{322A934B-A84E-4DD5-ADFF-332CE539DAB1} = {9D06549B-D924-482F-B1E9-3185626D6DCF}
		{FB024F1B-8DB9-41E3-819F-49A35334A3F4} = {9D06549B-D924-482F-B1E9-3185626D6DCF}
		{E6FF5BCE-9BFF-49E2-8232-FE0FA5FF7473} = {9D06549B-D924-482F-B1E9-3185626D6DCF}
	EndGlobalSection
	GlobalSection(ExtensibilityGlobals) = postSolution
		SolutionGuid = {9E331927-F710-47F3-A5C9-62E574872DC0}
	EndGlobalSection
EndGlobal
